uuid: d0baa7ef-c633-4a24-a8b0-b34b0d34ed17
langcode: en
status: true
dependencies: {  }
id: cpt_core_block
label: 'Drupal block'
json_values: '{"canvas":[{"type":"container","uid":"container","title":"Container","status":{"collapsed":false},"uuid":"66533e1c-a05d-4b0e-9b40-0bbe7172fae9","parentUid":"root","isContainer":true,"children":[{"type":"container","uid":"container","title":"Container","status":{"collapsed":false},"uuid":"fd1846a1-b4ec-4f7c-b09d-1571c64dff7b","parentUid":"container","isContainer":true,"children":[{"type":"item","uid":"drupal-block","title":"Block","status":{"collapsed":true},"uuid":"e2740ab6-2ceb-4106-a237-285b715fd111","parentUid":"container","isContainer":false,"children":[]}]}]}],"componentForm":[{"type":"form-field","uid":"form-select","title":"Select","status":{"collapsed":false},"uuid":"a68234f4-f789-40be-94b3-8df08059fbcf","parentUid":"root","isContainer":false,"children":[]},{"type":"form-field","uid":"form-select","title":"Select","status":{"collapsed":false},"parentUid":"root","uuid":"a4e775fc-6784-4212-b222-8bc5bc2324d6","isContainer":false,"children":[]},{"type":"form-field","uid":"form-select","title":"Select","status":{"collapsed":false},"uuid":"b8846fc9-ae0b-43ed-9a25-236f6bcdf2a8","parentUid":"root","isContainer":false,"children":[]}],"mapper":{"66533e1c-a05d-4b0e-9b40-0bbe7172fae9":{},"fd1846a1-b4ec-4f7c-b09d-1571c64dff7b":{"settings":{"selectorType":"topLevel","formDefinition":[{"formKey":"container-settings","children":[{"formKey":"container-width","breakpoints":[],"activeFields":[{"name":"width","active":true}]},{"formKey":"common-link-animation","breakpoints":[{"name":"xl"}],"activeFields":[{"name":"linkAnimation","active":true},{"name":"animationType","active":true},{"name":"animationScope","active":true},{"name":"animationParent","active":true},{"name":"animationTarget","active":true},{"name":"animationScale","active":true},{"name":"animationDirection","active":true},{"name":"animationDirection","active":true},{"name":"animationDirection","active":true},{"name":"animationDistance","active":true},{"name":"animationPieces","active":true},{"name":"animationOrigin","active":true},{"name":"animationFoldHeight","active":true},{"name":"animationHorizontalFirst","active":true},{"name":"animationIterations","active":true},{"name":"animationEasing","active":true},{"name":"animationDuration","active":true}]},{"formKey":"common-link-modifier","breakpoints":[],"activeFields":[{"name":"modifier","active":true},{"name":"modifierType","active":true},{"name":"interactionScope","active":true},{"name":"interactionParent","active":true},{"name":"interactionTarget","active":true},{"name":"modifierName","active":true}]},{"formKey":"container-style","breakpoints":[],"activeFields":[{"name":"customStyle","active":true},{"name":"customStyle","active":true}]}]}],"form":null},"markup":{"title":"Markup","selectorType":"topLevel","formDefinition":[{"formKey":"tab-markup-classes-and-ids","children":[{"formKey":"tab-markup-add-classes","breakpoints":[],"activeFields":[{"name":"classes","active":true}]}]}],"form":null},"styles":{"items":[],"formDefinition":[],"selectorType":"topLevel","form":null}},"e2740ab6-2ceb-4106-a237-285b715fd111":{"settings":{"selectorType":"topLevel","formDefinition":[{"formKey":"block-settings","children":[{"formKey":"block-drupal-block","breakpoints":[],"activeFields":[{"name":"block","active":true}]},{"formKey":"block-style","breakpoints":[],"activeFields":[{"name":"customStyle","active":true},{"name":"customStyle","active":true}]}]}],"form":null}}},"model":{"66533e1c-a05d-4b0e-9b40-0bbe7172fae9":{"settings":{"title":"Container wrapper","width":"fluid","customStyle":[{"customStyle":""}]},"context-visibility":{"contextVisibility":{"condition":"ALL"}},"styles":{"settings":{"element":"container"}}},"fd1846a1-b4ec-4f7c-b09d-1571c64dff7b":{"settings":{"title":"Container","width":"[field.a68234f4-f789-40be-94b3-8df08059fbcf]","customStyle":[{"customStyle":"[field.a4e775fc-6784-4212-b222-8bc5bc2324d6]"}]},"context-visibility":{"contextVisibility":{"condition":"ALL"}},"styles":{"settings":{"element":"container"}},"markup":{"classes":"[field.d18f2d20-357f-402b-b7b4-95b3a619eda0]"}},"e2740ab6-2ceb-4106-a237-285b715fd111":{"settings":{"title":"Block","customStyle":[{"customStyle":"[field.b8846fc9-ae0b-43ed-9a25-236f6bcdf2a8]"}],"block":"[field.b8846fc9-ae0b-43ed-9a25-236f6bcdf2a8]"},"context-visibility":{"contextVisibility":{"condition":"ALL"}},"styles":{"settings":{"element":"block"}}},"a68234f4-f789-40be-94b3-8df08059fbcf":{"settings":{"title":"Container width","type":"cohSelect","selectType":"existing","schema":{"type":"string"},"selectModel":["settings","container-options","container-width","width"],"machineName":"container-width"},"contextVisibility":{"condition":"ALL"},"model":{"value":"fluid"}},"a4e775fc-6784-4212-b222-8bc5bc2324d6":{"settings":{"title":"Layout style","type":"cohSelect","selectType":"existing","schema":{"type":"string"},"selectModel":["settings","container-options","container-style","customStyle"],"machineName":"layout-style"},"contextVisibility":{"condition":"ALL"},"model":{"value":""}},"b8846fc9-ae0b-43ed-9a25-236f6bcdf2a8":{"settings":{"title":"Select a block","type":"cohSelect","selectType":"existing","schema":{"type":"string"},"selectModel":["settings","block-options","block-drupal-block","block"],"machineName":"select-a-block"},"contextVisibility":{"condition":"ALL"},"model":{"value":""}}},"previewModel":{"fd1846a1-b4ec-4f7c-b09d-1571c64dff7b":{"markup":{"classes":""},"settings":{"width":"fluid","customStyle":[{"customStyle":""}]}},"66533e1c-a05d-4b0e-9b40-0bbe7172fae9":{},"a68234f4-f789-40be-94b3-8df08059fbcf":{},"b8846fc9-ae0b-43ed-9a25-236f6bcdf2a8":{},"e2740ab6-2ceb-4106-a237-285b715fd111":{"settings":{"block":"","customStyle":[{"customStyle":""}]}},"a4e775fc-6784-4212-b222-8bc5bc2324d6":{}},"variableFields":{"fd1846a1-b4ec-4f7c-b09d-1571c64dff7b":["markup.classes","settings.width","settings.customStyle.0.customStyle"],"66533e1c-a05d-4b0e-9b40-0bbe7172fae9":[],"a68234f4-f789-40be-94b3-8df08059fbcf":[],"b8846fc9-ae0b-43ed-9a25-236f6bcdf2a8":[],"e2740ab6-2ceb-4106-a237-285b715fd111":["settings.block","settings.customStyle.0.customStyle"],"a4e775fc-6784-4212-b222-8bc5bc2324d6":[]},"meta":{"fieldHistory":[{"uuid":"a68234f4-f789-40be-94b3-8df08059fbcf","type":"form-select","machineName":"container-width"},{"uuid":"a4e775fc-6784-4212-b222-8bc5bc2324d6","type":"form-select","machineName":"layout-style"},{"uuid":"b8846fc9-ae0b-43ed-9a25-236f6bcdf2a8","type":"form-select","machineName":"select-a-block"}]}}'
json_mapper: '{}'
last_entity_update: entityupdate_0027
locked: false
modified: true
selectable: true
category: cpt_cat_dynamic_components
preview_image: {  }
has_quick_edit: true
entity_type_access: {  }
bundle_access: {  }
twig_template: component--cohesion-cpt-core-block
weight: 47
