uuid: 77405ba5-4f77-4e49-89fa-f003797581ea
langcode: en
status: true
dependencies: {  }
id: view_tpl_user_profile_blog_block
label: 'User profile blog block'
json_values: '{"canvas":[{"type":"container","uid":"drupal-view","title":"View container","status":{"collapsed":false},"parentIndex":4,"parentUid":"root","uuid":"e1648237-9823-4ff1-bd03-2caa806be595","isContainer":true,"children":[{"type":"container","uid":"container","title":"Container","status":{"collapsed":false},"parentIndex":1,"uuid":"a7d341f6-e815-4f5a-bb62-58cee801aa29","parentUid":"drupal-view","isContainer":true,"children":[{"type":"container","uid":"drupal-view-contents","title":"View content","status":{"collapsed":false,"collapsedParents":[]},"parentIndex":4,"parentUid":"container","uuid":"485c36e1-f1bb-4cec-a526-1cd1adf49ce8","isContainer":true,"children":[{"type":"container","uid":"heading","title":"Heading","status":{"collapsed":true},"parentIndex":0,"uuid":"c9422fb4-dcea-456b-ae57-167383aec64f","parentUid":"drupal-view-contents","isContainer":true,"children":[]},{"type":"item","uid":"drupal-view-variable","title":"View variable","status":{"collapsed":true,"collapsedParents":[]},"parentIndex":4,"uuid":"023681e2-d798-470a-ac24-df92aae59de7","parentUid":"drupal-view-contents","isContainer":false,"children":[]},{"type":"container","uid":"row-for-columns","title":"Row for columns","status":{"collapsed":false,"collapsedParents":[]},"parentIndex":1,"parentUid":"drupal-view-contents","uuid":"8d0a8b45-0d79-42a7-915c-bb1f86cb03bf","isContainer":true,"children":[{"type":"container","uid":"pattern-repeater","title":"Pattern repeater","mimicParent":true,"status":{"collapsed":false,"collapsedParents":[]},"parentIndex":4,"parentUid":"row-for-columns","uuid":"8e8b4556-d30c-459e-a188-468af8b916e7","isContainer":true,"children":[{"type":"container","uid":"column","title":"Column","status":{"collapsed":false,"collapsedParents":[]},"parentIndex":1,"uuid":"4f64c3e4-1c58-4fae-879b-23e873b8b404","parentUid":"pattern-repeater","isContainer":true,"children":[{"type":"item","uid":"drupal-view-item","title":"View item","status":{"collapsed":true,"collapsedParents":[]},"parentIndex":4,"parentUid":"column","uuid":"73a0c6c4-db02-45e3-89e1-bdbec9a734c4","isContainer":false,"children":[]}]}]}]}]},{"type":"container","uid":"container","title":"Container","status":{"collapsed":true,"collapsedParents":[]},"parentIndex":1,"uuid":"976189f1-943f-47e9-90e6-52e76dd72825","parentUid":"container","isContainer":true,"children":[{"type":"item","uid":"pagination","title":"Pagination","status":{"collapsed":true,"collapsedParents":[]},"parentIndex":4,"uuid":"7c98d6e3-e24e-47a8-a657-b78e1aa289c2","parentUid":"container","isContainer":false,"children":[]}]}]}]}],"componentForm":[],"mapper":{"e1648237-9823-4ff1-bd03-2caa806be595":{},"a7d341f6-e815-4f5a-bb62-58cee801aa29":{"settings":{"selectorType":"topLevel","formDefinition":[{"formKey":"container-settings","children":[{"formKey":"container-width","breakpoints":[],"activeFields":[{"name":"width","active":true}]},{"formKey":"common-link-animation","breakpoints":[{"name":"xl"}],"activeFields":[{"name":"linkAnimation","active":true},{"name":"animationType","active":true},{"name":"animationScope","active":true},{"name":"animationParent","active":true},{"name":"animationTarget","active":true},{"name":"animationScale","active":true},{"name":"animationDirection","active":true},{"name":"animationDirection","active":true},{"name":"animationDirection","active":true},{"name":"animationDistance","active":true},{"name":"animationPieces","active":true},{"name":"animationOrigin","active":true},{"name":"animationFoldHeight","active":true},{"name":"animationHorizontalFirst","active":true},{"name":"animationIterations","active":true},{"name":"animationEasing","active":true},{"name":"animationDuration","active":true}]},{"formKey":"common-link-modifier","breakpoints":[],"activeFields":[{"name":"modifier","active":true},{"name":"modifierType","active":true},{"name":"interactionScope","active":true},{"name":"interactionParent","active":true},{"name":"interactionTarget","active":true},{"name":"modifierName","active":true}]},{"formKey":"container-style","breakpoints":[],"activeFields":[{"name":"customStyle","active":true},{"name":"customStyle","active":true}]}]}],"form":null},"styles":{"items":[],"formDefinition":[],"selectorType":"topLevel","form":null}},"976189f1-943f-47e9-90e6-52e76dd72825":{"settings":{"selectorType":"topLevel","formDefinition":[{"formKey":"container-settings","children":[{"formKey":"container-width","breakpoints":[],"activeFields":[{"name":"width","active":true}]},{"formKey":"common-link-animation","breakpoints":[{"name":"xl"}],"activeFields":[{"name":"linkAnimation","active":true},{"name":"animationType","active":true},{"name":"animationScope","active":true},{"name":"animationParent","active":true},{"name":"animationTarget","active":true},{"name":"animationScale","active":true},{"name":"animationDirection","active":true},{"name":"animationDirection","active":true},{"name":"animationDirection","active":true},{"name":"animationDistance","active":true},{"name":"animationPieces","active":true},{"name":"animationOrigin","active":true},{"name":"animationFoldHeight","active":true},{"name":"animationHorizontalFirst","active":true},{"name":"animationIterations","active":true},{"name":"animationEasing","active":true},{"name":"animationDuration","active":true}]},{"formKey":"common-link-modifier","breakpoints":[],"activeFields":[{"name":"modifier","active":true},{"name":"modifierType","active":true},{"name":"interactionScope","active":true},{"name":"interactionParent","active":true},{"name":"interactionTarget","active":true},{"name":"modifierName","active":true}]},{"formKey":"container-style","breakpoints":[],"activeFields":[{"name":"customStyle","active":true},{"name":"customStyle","active":true}]}]}],"form":null}},"7c98d6e3-e24e-47a8-a657-b78e1aa289c2":{},"485c36e1-f1bb-4cec-a526-1cd1adf49ce8":{},"8d0a8b45-0d79-42a7-915c-bb1f86cb03bf":{"settings":{"selectorType":"topLevel","formDefinition":[{"formKey":"row-for-columns-settings","children":[{"formKey":"row-for-columns-bleed","breakpoints":[{"name":"xl"}],"activeFields":[{"name":"bleed","active":true},{"name":"overflow","active":true}]},{"formKey":"row-for-columns-markup-style-target","breakpoints":[],"activeFields":[{"name":"targetContainer","active":true}]},{"formKey":"row-for-columns-style","breakpoints":[],"activeFields":[{"name":"customStyle","active":true},{"name":"customStyle","active":true}]}]},{"formKey":"row-for-columns-js-settings","children":[{"formKey":"row-for-columns-match-height","breakpoints":[{"name":"xl"}],"activeFields":[{"name":"targetElement","active":true},{"name":"class","active":true},{"name":"targetLevel","active":true}]}]}],"form":null}},"8e8b4556-d30c-459e-a188-468af8b916e7":{"settings":{"selectorType":"topLevel","formDefinition":[{"formKey":"pattern-repeater-settings","children":[{"formKey":"pattern-repeater-repeat","breakpoints":[],"activeFields":[{"name":"count","active":true}]},{"formKey":"pattern-repeater-condition","breakpoints":[],"activeFields":[{"name":"operand","active":true},{"name":"operator","active":true},{"name":"condition","active":true}]}]}],"form":null}},"4f64c3e4-1c58-4fae-879b-23e873b8b404":{"settings":{"selectorType":"topLevel","formDefinition":[{"formKey":"column-settings","children":[{"formKey":"column-width-and-position","breakpoints":[{"name":"xl"},{"name":"sm"},{"name":"xs"}],"activeFields":[{"name":"col","active":true},{"name":"pull","active":false},{"name":"push","active":false},{"name":"offset","active":false}]},{"formKey":"common-link-animation","breakpoints":[{"name":"xl"}],"activeFields":[{"name":"linkAnimation","active":true},{"name":"animationType","active":true},{"name":"animationScope","active":true},{"name":"animationParent","active":true},{"name":"animationTarget","active":true},{"name":"animationScale","active":true},{"name":"animationDirection","active":true},{"name":"animationDirection","active":true},{"name":"animationDirection","active":true},{"name":"animationDistance","active":true},{"name":"animationPieces","active":true},{"name":"animationOrigin","active":true},{"name":"animationFoldHeight","active":true},{"name":"animationHorizontalFirst","active":true},{"name":"animationIterations","active":true},{"name":"animationEasing","active":true},{"name":"animationDuration","active":true}]},{"formKey":"common-link-modifier","breakpoints":[],"activeFields":[{"name":"modifier","active":true},{"name":"modifierType","active":true},{"name":"interactionScope","active":true},{"name":"interactionParent","active":true},{"name":"interactionTarget","active":true},{"name":"modifierName","active":true}]},{"formKey":"column-style","breakpoints":[],"activeFields":[{"name":"customStyle","active":true},{"name":"customStyle","active":true}]}]}],"items":[],"title":"Settings","form":null}},"73a0c6c4-db02-45e3-89e1-bdbec9a734c4":{"settings":{"selectorType":"topLevel","formDefinition":[{"formKey":"view-item-settings","children":[{"formKey":"view-item-mode","breakpoints":[],"activeFields":[{"name":"view_mode","active":true},{"name":"entity_type","active":true},{"name":"bundle","active":true},{"name":"view_mode","active":true}]}]}],"form":null}},"023681e2-d798-470a-ac24-df92aae59de7":{"settings":{"selectorType":"topLevel","formDefinition":[{"formKey":"view-variable-settings","children":[{"formKey":"view-variable-variable","breakpoints":[],"activeFields":[{"name":"view_variable","active":true}]}]}],"form":null}},"c9422fb4-dcea-456b-ae57-167383aec64f":{"settings":{"selectorType":"topLevel","formDefinition":[{"formKey":"heading-settings","children":[{"formKey":"heading-element","breakpoints":[],"activeFields":[{"name":"element","active":true}]},{"formKey":"heading-heading","breakpoints":[],"activeFields":[{"name":"content","active":true}]},{"formKey":"heading-style","breakpoints":[],"activeFields":[{"name":"customStyle","active":true},{"name":"customStyle","active":true}]}]}],"form":null},"hideNoData":{"title":"Hide if no data","selectorType":"topLevel","formDefinition":[{"formKey":"tab-hide-data-settings","children":[{"formKey":"tab-hide-data-hide","breakpoints":[],"activeFields":[{"name":"hideEnable","active":true},{"name":"hideData","active":true}]}]}],"form":null},"styles":{"items":[],"formDefinition":[],"selectorType":"topLevel","form":null}}},"model":{"a7d341f6-e815-4f5a-bb62-58cee801aa29":{"settings":{"title":"Container - boxed width","width":"boxed","customStyle":[{"customStyle":"coh-style-padding-bottom---large"}],"styles":{"xl":{"linkAnimation":[{"animationType":"none","animationScope":"document","animationScale":null,"animationDirection":"up","animationOrigin":"top,center","animationHorizontalFirst":false,"animationEasing":"swing"}]}}},"context-visibility":{"contextVisibility":{"condition":"ALL"}},"styles":{"settings":{"element":"container"},"styles":{"xl":{"margin":{"margin-top":{}}},"md":{"margin":{"margin-top":{}}},"ps":{"margin":{"margin-top":{}}},"sm":{"margin":{"margin-top":{}}}}}},"c9422fb4-dcea-456b-ae57-167383aec64f":{"settings":{"title":"Heading","element":"h2","customStyle":[{"customStyle":""}],"content":"[view:title]"},"context-visibility":{"contextVisibility":{"condition":"ALL"}},"styles":{"settings":{"element":"heading"}},"hideNoData":{"hideEnable":true,"hideData":"[view:title]"}},"023681e2-d798-470a-ac24-df92aae59de7":{"settings":{"title":"View variable - No results content","view_variable":"empty"},"context-visibility":{"contextVisibility":{"condition":"ALL"}},"styles":{"settings":{"element":"view-variable"}}},"8d0a8b45-0d79-42a7-915c-bb1f86cb03bf":{"settings":{"title":"Row for columns","styles":{"xl":{"bleed":"retain","targetContainer":"inner","overflow":"visible","jsSettings":{"matchHeightRow":{"targetElement":"with-class-name","class":"content-box"}}}},"customStyle":[{"customStyle":""}],"targetContainer":"inner"},"context-visibility":{"contextVisibility":{"condition":"ALL"}},"styles":{"settings":{"element":"row-for-columns"}}},"8e8b4556-d30c-459e-a188-468af8b916e7":{"settings":{"title":"Pattern repeater","count":null},"context-visibility":{"contextVisibility":{"condition":"ALL"}},"styles":{"settings":{"element":"pattern-repeater"}}},"4f64c3e4-1c58-4fae-879b-23e873b8b404":{"settings":{"title":"Column","styles":{"xl":{"col":4,"linkAnimation":[{"animationType":"none","animationScope":"document","animationScale":null,"animationDirection":"up","animationOrigin":"top,center","animationHorizontalFirst":false,"animationEasing":"swing"}]},"sm":{"col":6},"ps":{},"xs":{"col":6}},"customStyle":[{"customStyle":"coh-style-margin-bottom---small"}]},"context-visibility":{"contextVisibility":{"condition":"ALL"}},"styles":{"settings":{"element":"column"}}},"73a0c6c4-db02-45e3-89e1-bdbec9a734c4":{"settings":{"title":"View item","view_mode":[{"entity_type":"node","view_mode":"teaser","bundle":"blog_post"}]},"context-visibility":{"contextVisibility":{"condition":"ALL"}},"styles":{"settings":{"element":"view-item"}}},"976189f1-943f-47e9-90e6-52e76dd72825":{"settings":{"title":"Container - pagination","width":"fluid","customStyle":[{"customStyle":"coh-style-position---center"}]},"context-visibility":{"contextVisibility":{"condition":"ALL"}},"styles":{"settings":{"element":"container"}}},"7c98d6e3-e24e-47a8-a657-b78e1aa289c2":{"settings":{"title":"Pagination","pager":{"infinite":{"loadAutomatically":false},"mini":{"previousText":"\u2039","pageText":"Page","nextText":"\u203a"},"full":{"firstText":"\u00ab First","previousText":"\u2039","nextText":"\u203a","lastText":"Last \u00bb","firstTextCustomStyle":"","previousTextCustomStyle":"","hellipCustomStyle":"","currentTextCustomStyle":"","nextTextCustomStyle":"","lastTextCustomStyle":""},"view":"blog","view_display":"page_1","view_pager":"full"},"customStyle":"coh-style-view-pagination"},"context-visibility":{"contextVisibility":{"condition":"ALL"}},"styles":{"settings":{"element":"pagination"}}}},"previewModel":{"023681e2-d798-470a-ac24-df92aae59de7":{},"73a0c6c4-db02-45e3-89e1-bdbec9a734c4":{},"4f64c3e4-1c58-4fae-879b-23e873b8b404":{},"8e8b4556-d30c-459e-a188-468af8b916e7":{},"8d0a8b45-0d79-42a7-915c-bb1f86cb03bf":{},"7c98d6e3-e24e-47a8-a657-b78e1aa289c2":{},"976189f1-943f-47e9-90e6-52e76dd72825":{},"a7d341f6-e815-4f5a-bb62-58cee801aa29":{},"c9422fb4-dcea-456b-ae57-167383aec64f":{"settings":{"content":""},"hideNoData":{"hideData":"[view:title]"}}},"variableFields":{"c9422fb4-dcea-456b-ae57-167383aec64f":["settings.content","hideNoData.hideData"]},"meta":{"fieldHistory":[]}}'
json_mapper: '{}'
last_entity_update: entityupdate_0027
locked: false
modified: true
selectable: true
custom: true
twig_template: views-view--cohesion-view-tpl-user-profile-blog-block
